
Microsoft Visual Studio Solution File, Format Version 12.00
# Visual Studio 15
VisualStudioVersion = 15.0.28307.421
MinimumVisualStudioVersion = 10.0.40219.1
Project("{FAE04EC0-301F-11D3-BF4B-00C04F79EFBC}") = "BowlingGame", "BowlingGame\BowlingGame.csproj", "{B3957EF7-A725-4F5F-9A4E-6471D4853F20}"
EndProject
Global
	GlobalSection(SolutionConfigurationPlatforms) = preSolution
		Debug|Any CPU = Debug|Any CPU
		Release|Any CPU = Release|Any CPU
	EndGlobalSection
	GlobalSection(ProjectConfigurationPlatforms) = postSolution
		{B3957EF7-A725-4F5F-9A4E-6471D4853F20}.Debug|Any CPU.ActiveCfg = Debug|Any CPU
		{B3957EF7-A725-4F5F-9A4E-6471D4853F20}.Debug|Any CPU.Build.0 = Debug|Any CPU
		{B3957EF7-A725-4F5F-9A4E-6471D4853F20}.Release|Any CPU.ActiveCfg = Release|Any CPU
		{B3957EF7-A725-4F5F-9A4E-6471D4853F20}.Release|Any CPU.Build.0 = Release|Any CPU
	EndGlobalSection
	GlobalSection(SolutionProperties) = preSolution
		HideSolutionNode = FALSE
	EndGlobalSection
	GlobalSection(ExtensibilityGlobals) = postSolution
		SolutionGuid = {523513C6-0958-4700-838B-17E0C910E04C}
	EndGlobalSection
EndGlobal
